
Microsoft Visual Studio Solution File, Format Version 12.00
# Visual Studio Version 16
VisualStudioVersion = 16.0.31911.196
MinimumVisualStudioVersion = 10.0.40219.1
Project("{FAE04EC0-301F-11D3-BF4B-00C04F79EFBC}") = "4.3.1_(HelloForm)", "4.3.1_(HelloForm)\4.3.1_(HelloForm).csproj", "{9B1D319B-AC5E-4DC5-928B-C1F658BC8955}"
EndProject
Project("{FAE04EC0-301F-11D3-BF4B-00C04F79EFBC}") = "4.3.2_(BMI)", "4.3.2_(BMI)\4.3.2_(BMI).csproj", "{F327224B-9EC3-4366-A5CD-AE7C484A7DFA}"
EndProject
Project("{FAE04EC0-301F-11D3-BF4B-00C04F79EFBC}") = "4.3.3", "4.3.3\4.3.3.csproj", "{C3E0ADAF-E128-44D6-ABBB-FC80EB1AF59D}"
EndProject
Global
	GlobalSection(SolutionConfigurationPlatforms) = preSolution
		Debug|Any CPU = Debug|Any CPU
		Release|Any CPU = Release|Any CPU
	EndGlobalSection
	GlobalSection(ProjectConfigurationPlatforms) = postSolution
		{9B1D319B-AC5E-4DC5-928B-C1F658BC8955}.Debug|Any CPU.ActiveCfg = Debug|Any CPU
		{9B1D319B-AC5E-4DC5-928B-C1F658BC8955}.Debug|Any CPU.Build.0 = Debug|Any CPU
		{9B1D319B-AC5E-4DC5-928B-C1F658BC8955}.Release|Any CPU.ActiveCfg = Release|Any CPU
		{9B1D319B-AC5E-4DC5-928B-C1F658BC8955}.Release|Any CPU.Build.0 = Release|Any CPU
		{F327224B-9EC3-4366-A5CD-AE7C484A7DFA}.Debug|Any CPU.ActiveCfg = Debug|Any CPU
		{F327224B-9EC3-4366-A5CD-AE7C484A7DFA}.Debug|Any CPU.Build.0 = Debug|Any CPU
		{F327224B-9EC3-4366-A5CD-AE7C484A7DFA}.Release|Any CPU.ActiveCfg = Release|Any CPU
		{F327224B-9EC3-4366-A5CD-AE7C484A7DFA}.Release|Any CPU.Build.0 = Release|Any CPU
		{C3E0ADAF-E128-44D6-ABBB-FC80EB1AF59D}.Debug|Any CPU.ActiveCfg = Debug|Any CPU
		{C3E0ADAF-E128-44D6-ABBB-FC80EB1AF59D}.Debug|Any CPU.Build.0 = Debug|Any CPU
		{C3E0ADAF-E128-44D6-ABBB-FC80EB1AF59D}.Release|Any CPU.ActiveCfg = Release|Any CPU
		{C3E0ADAF-E128-44D6-ABBB-FC80EB1AF59D}.Release|Any CPU.Build.0 = Release|Any CPU
	EndGlobalSection
	GlobalSection(SolutionProperties) = preSolution
		HideSolutionNode = FALSE
	EndGlobalSection
	GlobalSection(ExtensibilityGlobals) = postSolution
		SolutionGuid = {C603B78A-824B-4F29-93DB-BACA43DE0006}
	EndGlobalSection
EndGlobal
